// !$*UTF8*$!
{
	archiveVersion = 1;
	classes = {
	};
	objectVersion = 77;
	objects = {

/* Begin PBXFileReference section */
		D271D1C92F3BC58B00BE33AA /* DrinkTrack.app */ = {isa = PBXFileReference; explicitFileType = wrapper.application; includeInIndex = 0; path = DrinkTrack.app; sourceTree = BUILT_PRODUCTS_DIR; };
/* End PBXFileReference section */

/* Begin PBXFileSystemSynchronizedRootGroup section */
		D271D1CB2F3BC58B00BE33AA /* MIConsumoBar */ = {
			isa = PBXFileSystemSynchronizedRootGroup;
			path = MIConsumoBar;
			sourceTree = "<group>";
		};
/* End PBXFileSystemSynchronizedRootGroup section */

/* Begin PBXFrameworksBuildPhase section */
		D271D1C62F3BC58B00BE33AA /* Frameworks */ = {
			isa = PBXFrameworksBuildPhase;
			buildActionMask = 2147483647;
			files = (
			);
			runOnlyForDeploymentPostprocessing = 0;
		};
/* End PBXFrameworksBuildPhase section */

/* Begin PBXGroup section */
		D271D1C02F3BC58B00BE33AA = {
			isa = PBXGroup;
			children = (
				D271D1CB2F3BC58B00BE33AA /* MIConsumoBar */,
				D271D1CA2F3BC58B00BE33AA /* Products */,
			);
			sourceTree = "<group>";
		};
		D271D1CA2F3BC58B00BE33AA /* Products */ = {
			isa = PBXGroup;
			children = (
				D271D1C92F3BC58B00BE33AA /* DrinkTrack.app */,
			);
			name = Products;
			sourceTree = "<group>";
		};
/* End PBXGroup section */

/* Begin PBXNativeTarget section */
		D271D1C82F3BC58B00BE33AA /* DrinkTrack */ = {
			isa = PBXNativeTarget;
			buildConfigurationList = D271D1D92F3BC58C00BE33AA /* Build configuration list for PBXNativeTarget "DrinkTrack" */;
			buildPhases = (
				D271D1C52F3BC58B00BE33AA /* Sources */,
				D271D1C62F3BC58B00BE33AA /* Frameworks */,
				D271D1C72F3BC58B00BE33AA /* Resources */,
			);
			buildRules = (
			);
			dependencies = (
			);
			fileSystemSynchronizedGroups = (
				D271D1CB2F3BC58B00BE33AA /* MIConsumoBar */,
			);
			name = DrinkTrack;
			packageProductDependencies = (
			);
			productName = MIConsumoBar;
			productReference = D271D1C92F3BC58B00BE33AA /* DrinkTrack.app */;
			productType = "com.apple.product-type.application";
		};
/* End PBXNativeTarget section */

/* Begin PBXProject section */
		D271D1C12F3BC58B00BE33AA /* Project object */ = {
			isa = PBXProject;
			attributes = {
				BuildIndependentTargetsInParallel = 1;
				LastSwiftUpdateCheck = 2620;
				LastUpgradeCheck = 2620;
				TargetAttributes = {
					D271D1C82F3BC58B00BE33AA = {
						CreatedOnToolsVersion = 26.2;
					};
				};
			};
			buildConfigurationList = D271D1C42F3BC58B00BE33AA /* Build configuration list for PBXProject "DrinkTrack" */;
			developmentRegion = en;
			hasScannedForEncodings = 0;
			knownRegions = (
				en,
				Base,
				es,
			);
			mainGroup = D271D1C02F3BC58B00BE33AA;
			minimizedProjectReferenceProxies = 1;
			preferredProjectObjectVersion = 77;
			productRefGroup = D271D1CA2F3BC58B00BE33AA /* Products */;
			projectDirPath = "";
			projectRoot = "";
			targets = (
				D271D1C82F3BC58B00BE33AA /* DrinkTrack */,
			);
		};
/* End PBXProject section */

/* Begin PBXResourcesBuildPhase section */
		D271D1C72F3BC58B00BE33AA /* Resources */ = {
			isa = PBXResourcesBuildPhase;
			buildActionMask = 2147483647;
			files = (
			);
			runOnlyForDeploymentPostprocessing = 0;
		};
/* End PBXResourcesBuildPhase section */

/* Begin PBXSourcesBuildPhase section */
		D271D1C52F3BC58B00BE33AA /* Sources */ = {
			isa = PBXSourcesBuildPhase;
			buildActionMask = 2147483647;
			files = (
			);
			runOnlyForDeploymentPostprocessing = 0;
		};
/* End PBXSourcesBuildPhase section */

/* Begin XCBuildConfiguration section */
		D271D1D72F3BC58C00BE33AA /* Debug */ = {
			isa = XCBuildConfiguration;
			buildSettings = {
				ALWAYS_SEARCH_USER_PATHS = NO;
				ASSETCATALOG_COMPILER_GENERATE_SWIFT_ASSET_SYMBOL_EXTENSIONS = YES;
				CLANG_ANALYZER_NONNULL = YES;
				CLANG_ANALYZER_NUMBER_OBJECT_CONVERSION = YES_AGGRESSIVE;
				CLANG_CXX_LANGUAGE_STANDARD = "gnu++20";
				CLANG_ENABLE_MODULES = YES;
				CLANG_ENABLE_OBJC_ARC = YES;
				CLANG_ENABLE_OBJC_WEAK = YES;
				CLANG_WARN_BLOCK_CAPTURE_AUTORELEASING = YES;
				CLANG_WARN_BOOL_CONVERSION = YES;
				CLANG_WARN_COMMA = YES;
				CLANG_WARN_CONSTANT_CONVERSION = YES;
				CLANG_WARN_DEPRECATED_OBJC_IMPLEMENTATIONS = YES;
				CLANG_WARN_DIRECT_OBJC_ISA_USAGE = YES_ERROR;
				CLANG_WARN_DOCUMENTATION_COMMENTS = YES;
				CLANG_WARN_EMPTY_BODY = YES;
				CLANG_WARN_ENUM_CONVERSION = YES;
				CLANG_WARN_INFINITE_RECURSION = YES;
				CLANG_WARN_INT_CONVERSION = YES;
				CLANG_WARN_NON_LITERAL_NULL_CONVERSION = YES;
				CLANG_WARN_OBJC_IMPLICIT_RETAIN_SELF = YES;
				CLANG_WARN_OBJC_LITERAL_CONVERSION = YES;
				CLANG_WARN_OBJC_ROOT_CLASS = YES_ERROR;
				CLANG_WARN_QUOTED_INCLUDE_IN_FRAMEWORK_HEADER = YES;
				CLANG_WARN_RANGE_LOOP_ANALYSIS = YES;
				CLANG_WARN_STRICT_PROTOTYPES = YES;
				CLANG_WARN_SUSPICIOUS_MOVE = YES;
				CLANG_WARN_UNGUARDED_AVAILABILITY = YES_AGGRESSIVE;
				CLANG_WARN_UNREACHABLE_CODE = YES;
				CLANG_WARN__DUPLICATE_METHOD_MATCH = YES;
				COPY_PHASE_STRIP = NO;
				DEBUG_INFORMATION_FORMAT = dwarf;
				DEVELOPMENT_TEAM = DQ7D6387N8;
				ENABLE_STRICT_OBJC_MSGSEND = YES;
				ENABLE_TESTABILITY = YES;
				ENABLE_USER_SCRIPT_SANDBOXING = YES;
				GCC_C_LANGUAGE_STANDARD = gnu17;
				GCC_DYNAMIC_NO_PIC = NO;
				GCC_NO_COMMON_BLOCKS = YES;
				GCC_OPTIMIZATION_LEVEL = 0;
				GCC_PREPROCESSOR_DEFINITIONS = (
					"DEBUG=1",
					"$(inherited)",
				);
				GCC_WARN_64_TO_32_BIT_CONVERSION = YES;
				GCC_WARN_ABOUT_RETURN_TYPE = YES_ERROR;
				GCC_WARN_UNDECLARED_SELECTOR = YES;
				GCC_WARN_UNINITIALIZED_AUTOS = YES_AGGRESSIVE;
				GCC_WARN_UNUSED_FUNCTION = YES;
				GCC_WARN_UNUSED_VARIABLE = YES;
				IPHONEOS_DEPLOYMENT_TARGET = 26.2;
				LOCALIZATION_PREFERS_STRING_CATALOGS = YES;
				MTL_ENABLE_DEBUG_INFO = INCLUDE_SOURCE;
				MTL_FAST_MATH = YES;
				ONLY_ACTIVE_ARCH = YES;
				SDKROOT = iphoneos;
				SWIFT_ACTIVE_COMPILATION_CONDITIONS = "DEBUG $(inherited)";
				SWIFT_OPTIMIZATION_LEVEL = "-Onone";
			};
			name = Debug;
		};
		D271D1D82F3BC58C00BE33AA /* Release */ = {
			isa = XCBuildConfiguration;
			buildSettings = {
				ALWAYS_SEARCH_USER_PATHS = NO;
				ASSETCATALOG_COMPILER_GENERATE_SWIFT_ASSET_SYMBOL_EXTENSIONS = YES;
				CLANG_ANALYZER_NONNULL = YES;
				CLANG_ANALYZER_NUMBER_OBJECT_CONVERSION = YES_AGGRESSIVE;
				CLANG_CXX_LANGUAGE_STANDARD = "gnu++20";
				CLANG_ENABLE_MODULES = YES;
				CLANG_ENABLE_OBJC_ARC = YES;
				CLANG_ENABLE_OBJC_WEAK = YES;
				CLANG_WARN_BLOCK_CAPTURE_AUTORELEASING = YES;
				CLANG_WARN_BOOL_CONVERSION = YES;
				CLANG_WARN_COMMA = YES;
				CLANG_WARN_CONSTANT_CONVERSION = YES;
				CLANG_WARN_DEPRECATED_OBJC_IMPLEMENTATIONS = YES;
				CLANG_WARN_DIRECT_OBJC_ISA_USAGE = YES_ERROR;
				CLANG_WARN_DOCUMENTATION_COMMENTS = YES;
				CLANG_WARN_EMPTY_BODY = YES;
				CLANG_WARN_ENUM_CONVERSION = YES;
				CLANG_WARN_INFINITE_RECURSION = YES;
				CLANG_WARN_INT_CONVERSION = YES;
				CLANG_WARN_NON_LITERAL_NULL_CONVERSION = YES;
				CLANG_WARN_OBJC_IMPLICIT_RETAIN_SELF = YES;
				CLANG_WARN_OBJC_LITERAL_CONVERSION = YES;
				CLANG_WARN_OBJC_ROOT_CLASS = YES_ERROR;
				CLANG_WARN_QUOTED_INCLUDE_IN_FRAMEWORK_HEADER = YES;
				CLANG_WARN_RANGE_LOOP_ANALYSIS = YES;
				CLANG_WARN_STRICT_PROTOTYPES = YES;
				CLANG_WARN_SUSPICIOUS_MOVE = YES;
				CLANG_WARN_UNGUARDED_AVAILABILITY = YES_AGGRESSIVE;
				CLANG_WARN_UNREACHABLE_CODE = YES;
				CLANG_WARN__DUPLICATE_METHOD_MATCH = YES;
				COPY_PHASE_STRIP = NO;
				DEBUG_INFORMATION_FORMAT = "dwarf-with-dsym";
				DEVELOPMENT_TEAM = DQ7D6387N8;
				ENABLE_NS_ASSERTIONS = NO;
				ENABLE_STRICT_OBJC_MSGSEND = YES;
				ENABLE_USER_SCRIPT_SANDBOXING = YES;
				GCC_C_LANGUAGE_STANDARD = gnu17;
				GCC_NO_COMMON_BLOCKS = YES;
				GCC_WARN_64_TO_32_BIT_CONVERSION = YES;
				GCC_WARN_ABOUT_RETURN_TYPE = YES_ERROR;
				GCC_WARN_UNDECLARED_SELECTOR = YES;
				GCC_WARN_UNINITIALIZED_AUTOS = YES_AGGRESSIVE;
				GCC_WARN_UNUSED_FUNCTION = YES;
				GCC_WARN_UNUSED_VARIABLE = YES;
				IPHONEOS_DEPLOYMENT_TARGET = 26.2;
				LOCALIZATION_PREFERS_STRING_CATALOGS = YES;
				MTL_ENABLE_DEBUG_INFO = NO;
				MTL_FAST_MATH = YES;
				SDKROOT = iphoneos;
				SWIFT_COMPILATION_MODE = wholemodule;
				VALIDATE_PRODUCT = YES;
			};
			name = Release;
		};
 		D271D1DA2F3BC58C00BE33AA /* Debug */ = {
 			isa = XCBuildConfiguration;
 			buildSettings = {
 				ASSETCATALOG_COMPILER_APPICON_NAME = AppIcon;
 				ASSETCATALOG_COMPILER_GLOBAL_ACCENT_COLOR_NAME = AccentColor;
 				CODE_SIGN_STYLE = Automatic;
 				CURRENT_PROJECT_VERSION = 1;
 				DEVELOPMENT_TEAM = DQ7D6387N8;
 				ENABLE_PREVIEWS = YES;
 				GENERATE_INFOPLIST_FILE = YES;
 				INFOPLIST_KEY_UIApplicationSceneManifest_Generation = YES;
				INFOPLIST_KEY_UIApplicationSupportsIndirectInputEvents = YES;
				INFOPLIST_KEY_UILaunchScreen_Generation = YES;
				INFOPLIST_KEY_UISupportedInterfaceOrientations_iPad = "UIInterfaceOrientationPortrait UIInterfaceOrientationPortraitUpsideDown UIInterfaceOrientationLandscapeLeft UIInterfaceOrientationLandscapeRight";
				INFOPLIST_KEY_UISupportedInterfaceOrientations_iPhone = "UIInterfaceOrientationPortrait UIInterfaceOrientationLandscapeLeft UIInterfaceOrientationLandscapeRight";
				LD_RUNPATH_SEARCH_PATHS = (
					"$(inherited)",
					"@executable_path/Frameworks",
				);
				MARKETING_VERSION = 1.0;
 				PRODUCT_BUNDLE_IDENTIFIER = com.polidisio.DrinkTrack;
 				PRODUCT_NAME = "$(TARGET_NAME)";
 				STRING_CATALOG_GENERATE_SYMBOLS = YES;
 				SWIFT_APPROACHABLE_CONCURRENCY = YES;
 				SWIFT_DEFAULT_ACTOR_ISOLATION = MainActor;
 				SWIFT_EMIT_LOC_STRINGS = NO;
 				SWIFT_UPCOMING_FEATURE_MEMBER_IMPORT_VISIBILITY = YES;
 				SWIFT_VERSION = 5.0;
 				TARGETED_DEVICE_FAMILY = "1,2";
 				INFOPLIST_KEY_CFBundleLocalizations = (
 					en,
 					es,
 				);
 			};
 			name = Debug;
 		};
 		D271D1DB2F3BC58C00BE33AA /* Release */ = {
 			isa = XCBuildConfiguration;
 			buildSettings = {
 				ASSETCATALOG_COMPILER_APPICON_NAME = AppIcon;
 				ASSETCATALOG_COMPILER_GLOBAL_ACCENT_COLOR_NAME = AccentColor;
 				CODE_SIGN_STYLE = Automatic;
 				CURRENT_PROJECT_VERSION = 1;
 				DEVELOPMENT_TEAM = DQ7D6387N8;
 				ENABLE_PREVIEWS = YES;
 				GENERATE_INFOPLIST_FILE = YES;
 				INFOPLIST_KEY_UIApplicationSceneManifest_Generation = YES;
				INFOPLIST_KEY_UIApplicationSupportsIndirectInputEvents = YES;
				INFOPLIST_KEY_UILaunchScreen_Generation = YES;
				INFOPLIST_KEY_UISupportedInterfaceOrientations_iPad = "UIInterfaceOrientationPortrait UIInterfaceOrientationPortraitUpsideDown UIInterfaceOrientationLandscapeLeft UIInterfaceOrientationLandscapeRight";
 				INFOPLIST_KEY_UISupportedInterfaceOrientations_iPhone = "UIInterfaceOrientationPortrait UIInterfaceOrientationLandscapeLeft UIInterfaceOrientationLandscapeRight";
 				LD_RUNPATH_SEARCH_PATHS = (
 					"$(inherited)",
 					"@executable_path/Frameworks",
 				);
 				MARKETING_VERSION = 1.0;
 				PRODUCT_BUNDLE_IDENTIFIER = com.polidisio.DrinkTrack;
 				PRODUCT_NAME = "$(TARGET_NAME)";
 				STRING_CATALOG_GENERATE_SYMBOLS = YES;
 				SWIFT_APPROACHABLE_CONCURRENCY = YES;
 				SWIFT_DEFAULT_ACTOR_ISOLATION = MainActor;
 				SWIFT_EMIT_LOC_STRINGS = NO;
 				SWIFT_UPCOMING_FEATURE_MEMBER_IMPORT_VISIBILITY = YES;
 				SWIFT_VERSION = 5.0;
 				TARGETED_DEVICE_FAMILY = "1,2";
 				INFOPLIST_KEY_CFBundleLocalizations = (
 					en,
 					es,
 				);
 			};
 			name = Release;
 		};
/* End XCBuildConfiguration section */

/* Begin XCConfigurationList section */
		D271D1C42F3BC58B00BE33AA /* Build configuration list for PBXProject "DrinkTrack" */ = {
			isa = XCConfigurationList;
			buildConfigurations = (
				D271D1D72F3BC58C00BE33AA /* Debug */,
				D271D1D82F3BC58C00BE33AA /* Release */,
			);
			defaultConfigurationIsVisible = 0;
			defaultConfigurationName = Release;
		};
		D271D1D92F3BC58C00BE33AA /* Build configuration list for PBXNativeTarget "DrinkTrack" */ = {
			isa = XCConfigurationList;
			buildConfigurations = (
				D271D1DA2F3BC58C00BE33AA /* Debug */,
				D271D1DB2F3BC58C00BE33AA /* Release */,
			);
			defaultConfigurationIsVisible = 0;
			defaultConfigurationName = Release;
		};
/* End XCConfigurationList section */
	};
	rootObject = D271D1C12F3BC58B00BE33AA /* Project object */;
}
